{
  "name": "@webhandle/users-data-service",
  "version": "1.0.0",
  "lockfileVersion": 3,
  "requires": true,
  "packages": {
    "": {
      "name": "@webhandle/users-data-service",
      "version": "1.0.0",
      "license": "ISC",
      "dependencies": {
        "@dankolz/mongodb-data-service": "^1.0.10",
        "@webhandle/initialize-webhandle-component": "^1.0.1",
        "@webhandle/users-data": "github:EmergentIdeas/webhandle-users-data",
        "filter-log": "^1.0.13"
      }
    },
    "node_modules/@dankolz/abstract-data-service": {
      "version": "1.0.3",
      "resolved": "https://registry.npmjs.org/@dankolz/abstract-data-service/-/abstract-data-service-1.0.3.tgz",
      "integrity": "sha512-GuBVF6HmKajoi0hdH8qIZfuxnxItrOTNjpSD2LB9FY8rx/InqvxsJ/GpYsujsNIGdR2cs2zZGEvvqTf5e9dxAA==",
      "license": "ISC",
      "dependencies": {
        "add-callback-to-promise": "^1.0.2",
        "filter-log": "^1.0.0"
      }
    },
    "node_modules/@dankolz/mongodb-data-service": {
      "version": "1.0.10",
      "resolved": "https://registry.npmjs.org/@dankolz/mongodb-data-service/-/mongodb-data-service-1.0.10.tgz",
      "integrity": "sha512-4fxXM3htyXjfKzmWKcRw1E/PGuF6wj9JiKigmKXcNq2rKM4zl/YUIKBubbeBOnw7pIr30w1pgbk23xyk+qhxMw==",
      "license": "ISC",
      "dependencies": {
        "@dankolz/abstract-data-service": "^1.0.3",
        "add-callback-to-promise": "^1.0.2",
        "filter-log": "^1.0.13"
      }
    },
    "node_modules/@webhandle/initialize-webhandle-component": {
      "version": "1.0.1",
      "resolved": "https://registry.npmjs.org/@webhandle/initialize-webhandle-component/-/initialize-webhandle-component-1.0.1.tgz",
      "integrity": "sha512-nZRmlw7ULnwqXqzXcjCsFYgt7p+2cGbQ/MmWo70WuwDPFf9mliHjA2/6gTcw7L/1m8zuc5ecHYqWs6QFcKBXkQ==",
      "license": "ISC",
      "bin": {
        "create-initialize-webhandle-component-file": "create-initialize-webhandle-component-file.mjs"
      }
    },
    "node_modules/@webhandle/users-data": {
      "version": "1.0.0",
      "resolved": "git+ssh://git@github.com/EmergentIdeas/webhandle-users-data.git#9aa35f1ae5869422bc7393256fd820bef736d951",
      "license": "ISC"
    },
    "node_modules/add-callback-to-promise": {
      "version": "1.0.2",
      "resolved": "https://registry.npmjs.org/add-callback-to-promise/-/add-callback-to-promise-1.0.2.tgz",
      "integrity": "sha512-jM4BNulaf59lZrT1laOyi1OQGpTEbshaywzoj8lMBzMhFU718AST/yW1qltHDAm46sZ/yJ3KXDp2xra1BYwcdA==",
      "license": "ISC"
    },
    "node_modules/filter-log": {
      "version": "1.0.13",
      "resolved": "https://registry.npmjs.org/filter-log/-/filter-log-1.0.13.tgz",
      "integrity": "sha512-ruXDmy1zjRADn6sUFt4uR3xAjVeJtiFm9aJWOey+yk5wbrP8L+qCOT4EpNPz+iag3TGfX2fxDazwHAJ7lKGRww==",
      "license": "Apache-2.0",
      "dependencies": {
        "is-stream": "^1.1.0"
      }
    },
    "node_modules/is-stream": {
      "version": "1.1.0",
      "resolved": "https://registry.npmjs.org/is-stream/-/is-stream-1.1.0.tgz",
      "integrity": "sha512-uQPm8kcs47jx38atAcWTVxyltQYoPT68y9aWYdV6yWXSyW8mzSat0TL6CiWdZeCdF3KrAvpVtnHbTv4RN+rqdQ==",
      "license": "MIT",
      "engines": {
        "node": ">=0.10.0"
      }
    }
  }
}
